
Microsoft Visual Studio Solution File, Format Version 12.00
# Visual Studio Version 17
VisualStudioVersion = 17.1.32421.90
MinimumVisualStudioVersion = 10.0.40219.1
Project("{FAE04EC0-301F-11D3-BF4B-00C04F79EFBC}") = "NoteTakingApp", "NoteTakingApp.csproj", "{E8B663F9-B6B8-4E9F-9254-6E5EA773B6C9}"
EndProject
Global
	GlobalSection(SolutionConfigurationPlatforms) = preSolution
		Debug|Any CPU = Debug|Any CPU
		Release|Any CPU = Release|Any CPU
	EndGlobalSection
	GlobalSection(ProjectConfigurationPlatforms) = postSolution
		{E8B663F9-B6B8-4E9F-9254-6E5EA773B6C9}.Debug|Any CPU.ActiveCfg = Debug|Any CPU
		{E8B663F9-B6B8-4E9F-9254-6E5EA773B6C9}.Debug|Any CPU.Build.0 = Debug|Any CPU
		{E8B663F9-B6B8-4E9F-9254-6E5EA773B6C9}.Release|Any CPU.ActiveCfg = Release|Any CPU
		{E8B663F9-B6B8-4E9F-9254-6E5EA773B6C9}.Release|Any CPU.Build.0 = Release|Any CPU
	EndGlobalSection
	GlobalSection(SolutionProperties) = preSolution
		HideSolutionNode = FALSE
	EndGlobalSection
	GlobalSection(ExtensibilityGlobals) = postSolution
		SolutionGuid = {CAD5ACE3-AA81-434C-A2BA-47A03FAEF1BF}
	EndGlobalSection
EndGlobal
